
Microsoft Visual Studio Solution File, Format Version 12.00
# Visual Studio Express 2012 for Windows Desktop
Project("{2150E333-8FDC-42A3-9474-1A3956D46DE8}") = "Engine", "Engine", "{5E7DEDAE-A79F-4444-89C0-092238D8D876}"
EndProject
Project("{2150E333-8FDC-42A3-9474-1A3956D46DE8}") = "Game", "Game", "{7DD44975-8C4B-430E-95F1-9AEA8C206FF1}"
EndProject
Project("{2150E333-8FDC-42A3-9474-1A3956D46DE8}") = "Tools", "Tools", "{F33F2C2B-B145-465C-9857-E40A78886731}"
EndProject
Project("{FAE04EC0-301F-11D3-BF4B-00C04F79EFBC}") = "Engine.Shared", "Engine\Engine.Shared\Engine.Shared.csproj", "{48DB214A-092C-46FC-8DE9-B8292A238786}"
EndProject
Project("{FAE04EC0-301F-11D3-BF4B-00C04F79EFBC}") = "Engine.Server", "Engine\Engine.Server\Engine.Server.csproj", "{0E4CE637-1900-48EF-BD45-84DEC672F404}"
EndProject
Project("{FAE04EC0-301F-11D3-BF4B-00C04F79EFBC}") = "Engine.Client", "Engine\Engine.Client\Engine.Client.csproj", "{F312B3DA-3221-432E-87E5-6288C5895AA3}"
EndProject
Project("{FAE04EC0-301F-11D3-BF4B-00C04F79EFBC}") = "Game.Client", "Game\Game.Client\Game.Client.csproj", "{BC3E223F-D190-4521-B8CE-D3B37A2F36D7}"
EndProject
Project("{FAE04EC0-301F-11D3-BF4B-00C04F79EFBC}") = "Game.Server", "Game\Game.Server\Game.Server.csproj", "{F581DCBF-2511-42E2-B9B1-9D8DD5264D1D}"
EndProject
Project("{FAE04EC0-301F-11D3-BF4B-00C04F79EFBC}") = "Game.Shared", "Game\Game.Shared\Game.Shared.csproj", "{6F14B3A7-69D3-42B6-BD9D-0CD40D0F2902}"
EndProject
Project("{FAE04EC0-301F-11D3-BF4B-00C04F79EFBC}") = "DedicatedCLI", "Tools\DedicatedCLI\DedicatedCLI.csproj", "{66BD5B56-2C9D-4713-8180-C3D9C0703464}"
EndProject
Project("{FAE04EC0-301F-11D3-BF4B-00C04F79EFBC}") = "DedicatedGUI", "Tools\DedicatedGUI\DedicatedGUI.csproj", "{6B793212-9A32-429F-935B-03F53675B36F}"
EndProject
Project("{FAE04EC0-301F-11D3-BF4B-00C04F79EFBC}") = "UnitTests", "Tools\UnitTests\UnitTests.csproj", "{C4CE63A6-D5DD-4ED4-97F0-06FC3256EE9A}"
EndProject
Project("{FAE04EC0-301F-11D3-BF4B-00C04F79EFBC}") = "Lidgren.Network", "Libraries\lidgren\Lidgren.Network.csproj", "{49BA1C69-6104-41AC-A5D8-B54FA9F696E8}"
EndProject
Global
	GlobalSection(SolutionConfigurationPlatforms) = preSolution
		Debug|Any CPU = Debug|Any CPU
		Debug|Mixed Platforms = Debug|Mixed Platforms
		Debug|x86 = Debug|x86
		Release|Any CPU = Release|Any CPU
		Release|Mixed Platforms = Release|Mixed Platforms
		Release|x86 = Release|x86
	EndGlobalSection
	GlobalSection(ProjectConfigurationPlatforms) = postSolution
		{48DB214A-092C-46FC-8DE9-B8292A238786}.Debug|Any CPU.ActiveCfg = Debug|x86
		{48DB214A-092C-46FC-8DE9-B8292A238786}.Debug|Mixed Platforms.ActiveCfg = Debug|x86
		{48DB214A-092C-46FC-8DE9-B8292A238786}.Debug|Mixed Platforms.Build.0 = Debug|x86
		{48DB214A-092C-46FC-8DE9-B8292A238786}.Debug|x86.ActiveCfg = Debug|x86
		{48DB214A-092C-46FC-8DE9-B8292A238786}.Debug|x86.Build.0 = Debug|x86
		{48DB214A-092C-46FC-8DE9-B8292A238786}.Release|Any CPU.ActiveCfg = Release|x86
		{48DB214A-092C-46FC-8DE9-B8292A238786}.Release|Mixed Platforms.ActiveCfg = Release|x86
		{48DB214A-092C-46FC-8DE9-B8292A238786}.Release|Mixed Platforms.Build.0 = Release|x86
		{48DB214A-092C-46FC-8DE9-B8292A238786}.Release|x86.ActiveCfg = Release|x86
		{48DB214A-092C-46FC-8DE9-B8292A238786}.Release|x86.Build.0 = Release|x86
		{0E4CE637-1900-48EF-BD45-84DEC672F404}.Debug|Any CPU.ActiveCfg = Debug|x86
		{0E4CE637-1900-48EF-BD45-84DEC672F404}.Debug|Mixed Platforms.ActiveCfg = Debug|x86
		{0E4CE637-1900-48EF-BD45-84DEC672F404}.Debug|Mixed Platforms.Build.0 = Debug|x86
		{0E4CE637-1900-48EF-BD45-84DEC672F404}.Debug|x86.ActiveCfg = Debug|x86
		{0E4CE637-1900-48EF-BD45-84DEC672F404}.Debug|x86.Build.0 = Debug|x86
		{0E4CE637-1900-48EF-BD45-84DEC672F404}.Release|Any CPU.ActiveCfg = Release|x86
		{0E4CE637-1900-48EF-BD45-84DEC672F404}.Release|Mixed Platforms.ActiveCfg = Release|x86
		{0E4CE637-1900-48EF-BD45-84DEC672F404}.Release|Mixed Platforms.Build.0 = Release|x86
		{0E4CE637-1900-48EF-BD45-84DEC672F404}.Release|x86.ActiveCfg = Release|x86
		{0E4CE637-1900-48EF-BD45-84DEC672F404}.Release|x86.Build.0 = Release|x86
		{F312B3DA-3221-432E-87E5-6288C5895AA3}.Debug|Any CPU.ActiveCfg = Debug|Any CPU
		{F312B3DA-3221-432E-87E5-6288C5895AA3}.Debug|Any CPU.Build.0 = Debug|Any CPU
		{F312B3DA-3221-432E-87E5-6288C5895AA3}.Debug|Mixed Platforms.ActiveCfg = Debug|x86
		{F312B3DA-3221-432E-87E5-6288C5895AA3}.Debug|Mixed Platforms.Build.0 = Debug|x86
		{F312B3DA-3221-432E-87E5-6288C5895AA3}.Debug|x86.ActiveCfg = Debug|x86
		{F312B3DA-3221-432E-87E5-6288C5895AA3}.Debug|x86.Build.0 = Debug|x86
		{F312B3DA-3221-432E-87E5-6288C5895AA3}.Release|Any CPU.ActiveCfg = Release|Any CPU
		{F312B3DA-3221-432E-87E5-6288C5895AA3}.Release|Any CPU.Build.0 = Release|Any CPU
		{F312B3DA-3221-432E-87E5-6288C5895AA3}.Release|Mixed Platforms.ActiveCfg = Release|x86
		{F312B3DA-3221-432E-87E5-6288C5895AA3}.Release|Mixed Platforms.Build.0 = Release|x86
		{F312B3DA-3221-432E-87E5-6288C5895AA3}.Release|x86.ActiveCfg = Release|x86
		{F312B3DA-3221-432E-87E5-6288C5895AA3}.Release|x86.Build.0 = Release|x86
		{BC3E223F-D190-4521-B8CE-D3B37A2F36D7}.Debug|Any CPU.ActiveCfg = Debug|x86
		{BC3E223F-D190-4521-B8CE-D3B37A2F36D7}.Debug|Mixed Platforms.ActiveCfg = Debug|x86
		{BC3E223F-D190-4521-B8CE-D3B37A2F36D7}.Debug|Mixed Platforms.Build.0 = Debug|x86
		{BC3E223F-D190-4521-B8CE-D3B37A2F36D7}.Debug|x86.ActiveCfg = Debug|x86
		{BC3E223F-D190-4521-B8CE-D3B37A2F36D7}.Debug|x86.Build.0 = Debug|x86
		{BC3E223F-D190-4521-B8CE-D3B37A2F36D7}.Release|Any CPU.ActiveCfg = Release|x86
		{BC3E223F-D190-4521-B8CE-D3B37A2F36D7}.Release|Mixed Platforms.ActiveCfg = Release|x86
		{BC3E223F-D190-4521-B8CE-D3B37A2F36D7}.Release|Mixed Platforms.Build.0 = Release|x86
		{BC3E223F-D190-4521-B8CE-D3B37A2F36D7}.Release|x86.ActiveCfg = Release|x86
		{BC3E223F-D190-4521-B8CE-D3B37A2F36D7}.Release|x86.Build.0 = Release|x86
		{F581DCBF-2511-42E2-B9B1-9D8DD5264D1D}.Debug|Any CPU.ActiveCfg = Debug|x86
		{F581DCBF-2511-42E2-B9B1-9D8DD5264D1D}.Debug|Mixed Platforms.ActiveCfg = Debug|x86
		{F581DCBF-2511-42E2-B9B1-9D8DD5264D1D}.Debug|Mixed Platforms.Build.0 = Debug|x86
		{F581DCBF-2511-42E2-B9B1-9D8DD5264D1D}.Debug|x86.ActiveCfg = Debug|x86
		{F581DCBF-2511-42E2-B9B1-9D8DD5264D1D}.Debug|x86.Build.0 = Debug|x86
		{F581DCBF-2511-42E2-B9B1-9D8DD5264D1D}.Release|Any CPU.ActiveCfg = Release|x86
		{F581DCBF-2511-42E2-B9B1-9D8DD5264D1D}.Release|Mixed Platforms.ActiveCfg = Release|x86
		{F581DCBF-2511-42E2-B9B1-9D8DD5264D1D}.Release|Mixed Platforms.Build.0 = Release|x86
		{F581DCBF-2511-42E2-B9B1-9D8DD5264D1D}.Release|x86.ActiveCfg = Release|x86
		{F581DCBF-2511-42E2-B9B1-9D8DD5264D1D}.Release|x86.Build.0 = Release|x86
		{6F14B3A7-69D3-42B6-BD9D-0CD40D0F2902}.Debug|Any CPU.ActiveCfg = Debug|x86
		{6F14B3A7-69D3-42B6-BD9D-0CD40D0F2902}.Debug|Mixed Platforms.ActiveCfg = Debug|x86
		{6F14B3A7-69D3-42B6-BD9D-0CD40D0F2902}.Debug|Mixed Platforms.Build.0 = Debug|x86
		{6F14B3A7-69D3-42B6-BD9D-0CD40D0F2902}.Debug|x86.ActiveCfg = Debug|x86
		{6F14B3A7-69D3-42B6-BD9D-0CD40D0F2902}.Debug|x86.Build.0 = Debug|x86
		{6F14B3A7-69D3-42B6-BD9D-0CD40D0F2902}.Release|Any CPU.ActiveCfg = Release|x86
		{6F14B3A7-69D3-42B6-BD9D-0CD40D0F2902}.Release|Mixed Platforms.ActiveCfg = Release|x86
		{6F14B3A7-69D3-42B6-BD9D-0CD40D0F2902}.Release|Mixed Platforms.Build.0 = Release|x86
		{6F14B3A7-69D3-42B6-BD9D-0CD40D0F2902}.Release|x86.ActiveCfg = Release|x86
		{6F14B3A7-69D3-42B6-BD9D-0CD40D0F2902}.Release|x86.Build.0 = Release|x86
		{66BD5B56-2C9D-4713-8180-C3D9C0703464}.Debug|Any CPU.ActiveCfg = Debug|x86
		{66BD5B56-2C9D-4713-8180-C3D9C0703464}.Debug|Mixed Platforms.ActiveCfg = Debug|x86
		{66BD5B56-2C9D-4713-8180-C3D9C0703464}.Debug|Mixed Platforms.Build.0 = Debug|x86
		{66BD5B56-2C9D-4713-8180-C3D9C0703464}.Debug|x86.ActiveCfg = Debug|x86
		{66BD5B56-2C9D-4713-8180-C3D9C0703464}.Debug|x86.Build.0 = Debug|x86
		{66BD5B56-2C9D-4713-8180-C3D9C0703464}.Release|Any CPU.ActiveCfg = Release|x86
		{66BD5B56-2C9D-4713-8180-C3D9C0703464}.Release|Mixed Platforms.ActiveCfg = Release|x86
		{66BD5B56-2C9D-4713-8180-C3D9C0703464}.Release|Mixed Platforms.Build.0 = Release|x86
		{66BD5B56-2C9D-4713-8180-C3D9C0703464}.Release|x86.ActiveCfg = Release|x86
		{66BD5B56-2C9D-4713-8180-C3D9C0703464}.Release|x86.Build.0 = Release|x86
		{6B793212-9A32-429F-935B-03F53675B36F}.Debug|Any CPU.ActiveCfg = Debug|x86
		{6B793212-9A32-429F-935B-03F53675B36F}.Debug|Mixed Platforms.ActiveCfg = Debug|x86
		{6B793212-9A32-429F-935B-03F53675B36F}.Debug|Mixed Platforms.Build.0 = Debug|x86
		{6B793212-9A32-429F-935B-03F53675B36F}.Debug|x86.ActiveCfg = Debug|x86
		{6B793212-9A32-429F-935B-03F53675B36F}.Debug|x86.Build.0 = Debug|x86
		{6B793212-9A32-429F-935B-03F53675B36F}.Release|Any CPU.ActiveCfg = Release|x86
		{6B793212-9A32-429F-935B-03F53675B36F}.Release|Mixed Platforms.ActiveCfg = Release|x86
		{6B793212-9A32-429F-935B-03F53675B36F}.Release|Mixed Platforms.Build.0 = Release|x86
		{6B793212-9A32-429F-935B-03F53675B36F}.Release|x86.ActiveCfg = Release|x86
		{6B793212-9A32-429F-935B-03F53675B36F}.Release|x86.Build.0 = Release|x86
		{C4CE63A6-D5DD-4ED4-97F0-06FC3256EE9A}.Debug|Any CPU.ActiveCfg = Debug|x86
		{C4CE63A6-D5DD-4ED4-97F0-06FC3256EE9A}.Debug|Mixed Platforms.ActiveCfg = Debug|x86
		{C4CE63A6-D5DD-4ED4-97F0-06FC3256EE9A}.Debug|Mixed Platforms.Build.0 = Debug|x86
		{C4CE63A6-D5DD-4ED4-97F0-06FC3256EE9A}.Debug|x86.ActiveCfg = Debug|x86
		{C4CE63A6-D5DD-4ED4-97F0-06FC3256EE9A}.Debug|x86.Build.0 = Debug|x86
		{C4CE63A6-D5DD-4ED4-97F0-06FC3256EE9A}.Release|Any CPU.ActiveCfg = Release|x86
		{C4CE63A6-D5DD-4ED4-97F0-06FC3256EE9A}.Release|Mixed Platforms.ActiveCfg = Release|x86
		{C4CE63A6-D5DD-4ED4-97F0-06FC3256EE9A}.Release|Mixed Platforms.Build.0 = Release|x86
		{C4CE63A6-D5DD-4ED4-97F0-06FC3256EE9A}.Release|x86.ActiveCfg = Release|x86
		{C4CE63A6-D5DD-4ED4-97F0-06FC3256EE9A}.Release|x86.Build.0 = Release|x86
		{49BA1C69-6104-41AC-A5D8-B54FA9F696E8}.Debug|Any CPU.ActiveCfg = Debug|Any CPU
		{49BA1C69-6104-41AC-A5D8-B54FA9F696E8}.Debug|Any CPU.Build.0 = Debug|Any CPU
		{49BA1C69-6104-41AC-A5D8-B54FA9F696E8}.Debug|Mixed Platforms.ActiveCfg = Debug|x86
		{49BA1C69-6104-41AC-A5D8-B54FA9F696E8}.Debug|Mixed Platforms.Build.0 = Debug|x86
		{49BA1C69-6104-41AC-A5D8-B54FA9F696E8}.Debug|x86.ActiveCfg = Debug|Any CPU
		{49BA1C69-6104-41AC-A5D8-B54FA9F696E8}.Release|Any CPU.ActiveCfg = Release|Any CPU
		{49BA1C69-6104-41AC-A5D8-B54FA9F696E8}.Release|Any CPU.Build.0 = Release|Any CPU
		{49BA1C69-6104-41AC-A5D8-B54FA9F696E8}.Release|Mixed Platforms.ActiveCfg = Release|x86
		{49BA1C69-6104-41AC-A5D8-B54FA9F696E8}.Release|Mixed Platforms.Build.0 = Release|x86
		{49BA1C69-6104-41AC-A5D8-B54FA9F696E8}.Release|x86.ActiveCfg = Release|Any CPU
	EndGlobalSection
	GlobalSection(SolutionProperties) = preSolution
		HideSolutionNode = FALSE
	EndGlobalSection
	GlobalSection(NestedProjects) = preSolution
		{48DB214A-092C-46FC-8DE9-B8292A238786} = {5E7DEDAE-A79F-4444-89C0-092238D8D876}
		{0E4CE637-1900-48EF-BD45-84DEC672F404} = {5E7DEDAE-A79F-4444-89C0-092238D8D876}
		{F312B3DA-3221-432E-87E5-6288C5895AA3} = {5E7DEDAE-A79F-4444-89C0-092238D8D876}
		{49BA1C69-6104-41AC-A5D8-B54FA9F696E8} = {5E7DEDAE-A79F-4444-89C0-092238D8D876}
		{BC3E223F-D190-4521-B8CE-D3B37A2F36D7} = {7DD44975-8C4B-430E-95F1-9AEA8C206FF1}
		{F581DCBF-2511-42E2-B9B1-9D8DD5264D1D} = {7DD44975-8C4B-430E-95F1-9AEA8C206FF1}
		{6F14B3A7-69D3-42B6-BD9D-0CD40D0F2902} = {7DD44975-8C4B-430E-95F1-9AEA8C206FF1}
		{66BD5B56-2C9D-4713-8180-C3D9C0703464} = {F33F2C2B-B145-465C-9857-E40A78886731}
		{6B793212-9A32-429F-935B-03F53675B36F} = {F33F2C2B-B145-465C-9857-E40A78886731}
		{C4CE63A6-D5DD-4ED4-97F0-06FC3256EE9A} = {F33F2C2B-B145-465C-9857-E40A78886731}
	EndGlobalSection
EndGlobal
